// !$*UTF8*$!
{
	archiveVersion = 1;
	classes = {
	};
	objectVersion = 56;
	objects = {

/* Begin PBXBuildFile section */
		502B27E64DF62C0D412B4A28 /* Pods_jmecodepay.framework in Frameworks */ = {isa = PBXBuildFile; fileRef = A87109A2ECC3B947893188C9 /* Pods_jmecodepay.framework */; };
		CE498C62294DFF1900F58C81 /* LoginValidation.swift in Sources */ = {isa = PBXBuildFile; fileRef = CE498C61294DFF1900F58C81 /* LoginValidation.swift */; };
		CE498C64294E013D00F58C81 /* RegistrationValidation.swift in Sources */ = {isa = PBXBuildFile; fileRef = CE498C63294E013D00F58C81 /* RegistrationValidation.swift */; };
		CE498C66294E01D300F58C81 /* Currency.swift in Sources */ = {isa = PBXBuildFile; fileRef = CE498C65294E01D300F58C81 /* Currency.swift */; };
		CE498C68294E0C7D00F58C81 /* RegistrationError.swift in Sources */ = {isa = PBXBuildFile; fileRef = CE498C67294E0C7D00F58C81 /* RegistrationError.swift */; };
		CE498C6A294E13D200F58C81 /* User.swift in Sources */ = {isa = PBXBuildFile; fileRef = CE498C69294E13D200F58C81 /* User.swift */; };
		CE498C6C294E1E5D00F58C81 /* AccountRequest.swift in Sources */ = {isa = PBXBuildFile; fileRef = CE498C6B294E1E5D00F58C81 /* AccountRequest.swift */; };
		CE498C6E294E1E9000F58C81 /* TransactionRequest.swift in Sources */ = {isa = PBXBuildFile; fileRef = CE498C6D294E1E9000F58C81 /* TransactionRequest.swift */; };
		CE498C70294F1CD100F58C81 /* UserManager.swift in Sources */ = {isa = PBXBuildFile; fileRef = CE498C6F294F1CD100F58C81 /* UserManager.swift */; };
		CE498C72294F24EA00F58C81 /* UserData.swift in Sources */ = {isa = PBXBuildFile; fileRef = CE498C71294F24EA00F58C81 /* UserData.swift */; };
		CE498C75294F5F1D00F58C81 /* TransactionCell.swift in Sources */ = {isa = PBXBuildFile; fileRef = CE498C74294F5F1D00F58C81 /* TransactionCell.swift */; };
		CE498C77294F5F2C00F58C81 /* RecentTransactionCell.xib in Resources */ = {isa = PBXBuildFile; fileRef = CE498C76294F5F2C00F58C81 /* RecentTransactionCell.xib */; };
		CE498C79294F65A300F58C81 /* InputData.swift in Sources */ = {isa = PBXBuildFile; fileRef = CE498C78294F65A300F58C81 /* InputData.swift */; };
		CE498C7B294F687200F58C81 /* SendMoneyErrors.swift in Sources */ = {isa = PBXBuildFile; fileRef = CE498C7A294F687200F58C81 /* SendMoneyErrors.swift */; };
		CE498C7D294F6DEC00F58C81 /* AccountResponse.swift in Sources */ = {isa = PBXBuildFile; fileRef = CE498C7C294F6DEC00F58C81 /* AccountResponse.swift */; };
		CE593254294B8C8F00BE3357 /* AppDelegate.swift in Sources */ = {isa = PBXBuildFile; fileRef = CE593253294B8C8F00BE3357 /* AppDelegate.swift */; };
		CE593256294B8C8F00BE3357 /* SceneDelegate.swift in Sources */ = {isa = PBXBuildFile; fileRef = CE593255294B8C8F00BE3357 /* SceneDelegate.swift */; };
		CE59325D294B8C9000BE3357 /* Assets.xcassets in Resources */ = {isa = PBXBuildFile; fileRef = CE59325C294B8C9000BE3357 /* Assets.xcassets */; };
		CE593260294B8C9000BE3357 /* LaunchScreen.storyboard in Resources */ = {isa = PBXBuildFile; fileRef = CE59325E294B8C9000BE3357 /* LaunchScreen.storyboard */; };
		CE59326D294B8FFD00BE3357 /* AuthenticationView.xib in Resources */ = {isa = PBXBuildFile; fileRef = CE59326C294B8FFD00BE3357 /* AuthenticationView.xib */; };
		CE593270294B95DC00BE3357 /* AuthenticationViewController.swift in Sources */ = {isa = PBXBuildFile; fileRef = CE59326F294B95DC00BE3357 /* AuthenticationViewController.swift */; };
		CE593272294B971A00BE3357 /* LoginViewController.swift in Sources */ = {isa = PBXBuildFile; fileRef = CE593271294B971A00BE3357 /* LoginViewController.swift */; };
		CE593274294B974100BE3357 /* LoginView.xib in Resources */ = {isa = PBXBuildFile; fileRef = CE593273294B974100BE3357 /* LoginView.xib */; };
		CE593278294B997E00BE3357 /* RegisterViewController.swift in Sources */ = {isa = PBXBuildFile; fileRef = CE593277294B997E00BE3357 /* RegisterViewController.swift */; };
		CE59327A294B99B500BE3357 /* RegisterView.xib in Resources */ = {isa = PBXBuildFile; fileRef = CE593279294B99B500BE3357 /* RegisterView.xib */; };
		CE59327D294B9DFA00BE3357 /* HomeViewController.swift in Sources */ = {isa = PBXBuildFile; fileRef = CE59327C294B9DFA00BE3357 /* HomeViewController.swift */; };
		CE59327F294B9E1E00BE3357 /* HomeView.xib in Resources */ = {isa = PBXBuildFile; fileRef = CE59327E294B9E1E00BE3357 /* HomeView.xib */; };
		CE593283294BA24C00BE3357 /* AddMoneyViewController.swift in Sources */ = {isa = PBXBuildFile; fileRef = CE593282294BA24C00BE3357 /* AddMoneyViewController.swift */; };
		CE593285294BA27000BE3357 /* AddMoneyView.xib in Resources */ = {isa = PBXBuildFile; fileRef = CE593284294BA27000BE3357 /* AddMoneyView.xib */; };
		CE593287294BA6B800BE3357 /* SendMoneyViewController.swift in Sources */ = {isa = PBXBuildFile; fileRef = CE593286294BA6B800BE3357 /* SendMoneyViewController.swift */; };
		CE593289294BA6DB00BE3357 /* SendMoneyView.xib in Resources */ = {isa = PBXBuildFile; fileRef = CE593288294BA6DB00BE3357 /* SendMoneyView.xib */; };
		CE59328C294BB1D100BE3357 /* AllTransactionsViewController.swift in Sources */ = {isa = PBXBuildFile; fileRef = CE59328B294BB1D100BE3357 /* AllTransactionsViewController.swift */; };
		CE59328E294BB1F600BE3357 /* AllTransactionsView.xib in Resources */ = {isa = PBXBuildFile; fileRef = CE59328D294BB1F600BE3357 /* AllTransactionsView.xib */; };
		CE593297294BB4F300BE3357 /* APIErrors.swift in Sources */ = {isa = PBXBuildFile; fileRef = CE593296294BB4F300BE3357 /* APIErrors.swift */; };
		CE593299294BB50400BE3357 /* APIEndpoints.swift in Sources */ = {isa = PBXBuildFile; fileRef = CE593298294BB50400BE3357 /* APIEndpoints.swift */; };
		CE59329B294BB52400BE3357 /* APIManager.swift in Sources */ = {isa = PBXBuildFile; fileRef = CE59329A294BB52400BE3357 /* APIManager.swift */; };
		CEFD54E02952146E00AD8AB4 /* LoginErrors.swift in Sources */ = {isa = PBXBuildFile; fileRef = CEFD54DF2952146E00AD8AB4 /* LoginErrors.swift */; };
		CEFD54E22952299B00AD8AB4 /* TransactionDetailsViewController.swift in Sources */ = {isa = PBXBuildFile; fileRef = CEFD54E12952299B00AD8AB4 /* TransactionDetailsViewController.swift */; };
		CEFD54E5295229BD00AD8AB4 /* TransactionDetailsView.xib in Resources */ = {isa = PBXBuildFile; fileRef = CEFD54E4295229BD00AD8AB4 /* TransactionDetailsView.xib */; };
/* End PBXBuildFile section */

/* Begin PBXFileReference section */
		377A930486E91BDFDDB27CFB /* Pods-jmecodepay.debug.xcconfig */ = {isa = PBXFileReference; includeInIndex = 1; lastKnownFileType = text.xcconfig; name = "Pods-jmecodepay.debug.xcconfig"; path = "Target Support Files/Pods-jmecodepay/Pods-jmecodepay.debug.xcconfig"; sourceTree = "<group>"; };
		9926F438BBBF7CCE71BA5BC1 /* Pods-jmecodepay.release.xcconfig */ = {isa = PBXFileReference; includeInIndex = 1; lastKnownFileType = text.xcconfig; name = "Pods-jmecodepay.release.xcconfig"; path = "Target Support Files/Pods-jmecodepay/Pods-jmecodepay.release.xcconfig"; sourceTree = "<group>"; };
		A87109A2ECC3B947893188C9 /* Pods_jmecodepay.framework */ = {isa = PBXFileReference; explicitFileType = wrapper.framework; includeInIndex = 0; path = Pods_jmecodepay.framework; sourceTree = BUILT_PRODUCTS_DIR; };
		CE498C61294DFF1900F58C81 /* LoginValidation.swift */ = {isa = PBXFileReference; lastKnownFileType = sourcecode.swift; path = LoginValidation.swift; sourceTree = "<group>"; };
		CE498C63294E013D00F58C81 /* RegistrationValidation.swift */ = {isa = PBXFileReference; lastKnownFileType = sourcecode.swift; path = RegistrationValidation.swift; sourceTree = "<group>"; };
		CE498C65294E01D300F58C81 /* Currency.swift */ = {isa = PBXFileReference; lastKnownFileType = sourcecode.swift; path = Currency.swift; sourceTree = "<group>"; };
		CE498C67294E0C7D00F58C81 /* RegistrationError.swift */ = {isa = PBXFileReference; lastKnownFileType = sourcecode.swift; path = RegistrationError.swift; sourceTree = "<group>"; };
		CE498C69294E13D200F58C81 /* User.swift */ = {isa = PBXFileReference; lastKnownFileType = sourcecode.swift; path = User.swift; sourceTree = "<group>"; };
		CE498C6B294E1E5D00F58C81 /* AccountRequest.swift */ = {isa = PBXFileReference; lastKnownFileType = sourcecode.swift; path = AccountRequest.swift; sourceTree = "<group>"; };
		CE498C6D294E1E9000F58C81 /* TransactionRequest.swift */ = {isa = PBXFileReference; lastKnownFileType = sourcecode.swift; path = TransactionRequest.swift; sourceTree = "<group>"; };
		CE498C6F294F1CD100F58C81 /* UserManager.swift */ = {isa = PBXFileReference; lastKnownFileType = sourcecode.swift; path = UserManager.swift; sourceTree = "<group>"; };
		CE498C71294F24EA00F58C81 /* UserData.swift */ = {isa = PBXFileReference; lastKnownFileType = sourcecode.swift; path = UserData.swift; sourceTree = "<group>"; };
		CE498C74294F5F1D00F58C81 /* TransactionCell.swift */ = {isa = PBXFileReference; lastKnownFileType = sourcecode.swift; path = TransactionCell.swift; sourceTree = "<group>"; };
		CE498C76294F5F2C00F58C81 /* RecentTransactionCell.xib */ = {isa = PBXFileReference; lastKnownFileType = file.xib; path = RecentTransactionCell.xib; sourceTree = "<group>"; };
		CE498C78294F65A300F58C81 /* InputData.swift */ = {isa = PBXFileReference; lastKnownFileType = sourcecode.swift; path = InputData.swift; sourceTree = "<group>"; };
		CE498C7A294F687200F58C81 /* SendMoneyErrors.swift */ = {isa = PBXFileReference; lastKnownFileType = sourcecode.swift; path = SendMoneyErrors.swift; sourceTree = "<group>"; };
		CE498C7C294F6DEC00F58C81 /* AccountResponse.swift */ = {isa = PBXFileReference; lastKnownFileType = sourcecode.swift; path = AccountResponse.swift; sourceTree = "<group>"; };
		CE593250294B8C8F00BE3357 /* jmecodepay.app */ = {isa = PBXFileReference; explicitFileType = wrapper.application; includeInIndex = 0; path = jmecodepay.app; sourceTree = BUILT_PRODUCTS_DIR; };
		CE593253294B8C8F00BE3357 /* AppDelegate.swift */ = {isa = PBXFileReference; lastKnownFileType = sourcecode.swift; path = AppDelegate.swift; sourceTree = "<group>"; };
		CE593255294B8C8F00BE3357 /* SceneDelegate.swift */ = {isa = PBXFileReference; lastKnownFileType = sourcecode.swift; path = SceneDelegate.swift; sourceTree = "<group>"; };
		CE59325C294B8C9000BE3357 /* Assets.xcassets */ = {isa = PBXFileReference; lastKnownFileType = folder.assetcatalog; path = Assets.xcassets; sourceTree = "<group>"; };
		CE59325F294B8C9000BE3357 /* Base */ = {isa = PBXFileReference; lastKnownFileType = file.storyboard; name = Base; path = Base.lproj/LaunchScreen.storyboard; sourceTree = "<group>"; };
		CE593261294B8C9000BE3357 /* Info.plist */ = {isa = PBXFileReference; lastKnownFileType = text.plist.xml; path = Info.plist; sourceTree = "<group>"; };
		CE59326C294B8FFD00BE3357 /* AuthenticationView.xib */ = {isa = PBXFileReference; lastKnownFileType = file.xib; path = AuthenticationView.xib; sourceTree = "<group>"; };
		CE59326F294B95DC00BE3357 /* AuthenticationViewController.swift */ = {isa = PBXFileReference; lastKnownFileType = sourcecode.swift; path = AuthenticationViewController.swift; sourceTree = "<group>"; };
		CE593271294B971A00BE3357 /* LoginViewController.swift */ = {isa = PBXFileReference; lastKnownFileType = sourcecode.swift; path = LoginViewController.swift; sourceTree = "<group>"; };
		CE593273294B974100BE3357 /* LoginView.xib */ = {isa = PBXFileReference; lastKnownFileType = file.xib; path = LoginView.xib; sourceTree = "<group>"; };
		CE593277294B997E00BE3357 /* RegisterViewController.swift */ = {isa = PBXFileReference; lastKnownFileType = sourcecode.swift; path = RegisterViewController.swift; sourceTree = "<group>"; };
		CE593279294B99B500BE3357 /* RegisterView.xib */ = {isa = PBXFileReference; lastKnownFileType = file.xib; path = RegisterView.xib; sourceTree = "<group>"; };
		CE59327C294B9DFA00BE3357 /* HomeViewController.swift */ = {isa = PBXFileReference; lastKnownFileType = sourcecode.swift; path = HomeViewController.swift; sourceTree = "<group>"; };
		CE59327E294B9E1E00BE3357 /* HomeView.xib */ = {isa = PBXFileReference; lastKnownFileType = file.xib; path = HomeView.xib; sourceTree = "<group>"; };
		CE593282294BA24C00BE3357 /* AddMoneyViewController.swift */ = {isa = PBXFileReference; lastKnownFileType = sourcecode.swift; path = AddMoneyViewController.swift; sourceTree = "<group>"; };
		CE593284294BA27000BE3357 /* AddMoneyView.xib */ = {isa = PBXFileReference; lastKnownFileType = file.xib; path = AddMoneyView.xib; sourceTree = "<group>"; };
		CE593286294BA6B800BE3357 /* SendMoneyViewController.swift */ = {isa = PBXFileReference; lastKnownFileType = sourcecode.swift; path = SendMoneyViewController.swift; sourceTree = "<group>"; };
		CE593288294BA6DB00BE3357 /* SendMoneyView.xib */ = {isa = PBXFileReference; lastKnownFileType = file.xib; path = SendMoneyView.xib; sourceTree = "<group>"; };
		CE59328B294BB1D100BE3357 /* AllTransactionsViewController.swift */ = {isa = PBXFileReference; lastKnownFileType = sourcecode.swift; path = AllTransactionsViewController.swift; sourceTree = "<group>"; };
		CE59328D294BB1F600BE3357 /* AllTransactionsView.xib */ = {isa = PBXFileReference; lastKnownFileType = file.xib; path = AllTransactionsView.xib; sourceTree = "<group>"; };
		CE593296294BB4F300BE3357 /* APIErrors.swift */ = {isa = PBXFileReference; lastKnownFileType = sourcecode.swift; path = APIErrors.swift; sourceTree = "<group>"; };
		CE593298294BB50400BE3357 /* APIEndpoints.swift */ = {isa = PBXFileReference; lastKnownFileType = sourcecode.swift; path = APIEndpoints.swift; sourceTree = "<group>"; };
		CE59329A294BB52400BE3357 /* APIManager.swift */ = {isa = PBXFileReference; lastKnownFileType = sourcecode.swift; path = APIManager.swift; sourceTree = "<group>"; };
		CEFD54DF2952146E00AD8AB4 /* LoginErrors.swift */ = {isa = PBXFileReference; lastKnownFileType = sourcecode.swift; path = LoginErrors.swift; sourceTree = "<group>"; };
		CEFD54E12952299B00AD8AB4 /* TransactionDetailsViewController.swift */ = {isa = PBXFileReference; lastKnownFileType = sourcecode.swift; path = TransactionDetailsViewController.swift; sourceTree = "<group>"; };
		CEFD54E4295229BD00AD8AB4 /* TransactionDetailsView.xib */ = {isa = PBXFileReference; lastKnownFileType = file.xib; path = TransactionDetailsView.xib; sourceTree = "<group>"; };
/* End PBXFileReference section */

/* Begin PBXFrameworksBuildPhase section */
		CE59324D294B8C8F00BE3357 /* Frameworks */ = {
			isa = PBXFrameworksBuildPhase;
			buildActionMask = 2147483647;
			files = (
				502B27E64DF62C0D412B4A28 /* Pods_jmecodepay.framework in Frameworks */,
			);
			runOnlyForDeploymentPostprocessing = 0;
		};
/* End PBXFrameworksBuildPhase section */

/* Begin PBXGroup section */
		B337F974F1E3276114E63224 /* Pods */ = {
			isa = PBXGroup;
			children = (
				377A930486E91BDFDDB27CFB /* Pods-jmecodepay.debug.xcconfig */,
				9926F438BBBF7CCE71BA5BC1 /* Pods-jmecodepay.release.xcconfig */,
			);
			path = Pods;
			sourceTree = "<group>";
		};
		CE498C73294F5F0500F58C81 /* TransactionCell */ = {
			isa = PBXGroup;
			children = (
				CE498C74294F5F1D00F58C81 /* TransactionCell.swift */,
				CE498C76294F5F2C00F58C81 /* RecentTransactionCell.xib */,
			);
			path = TransactionCell;
			sourceTree = "<group>";
		};
		CE593247294B8C8F00BE3357 = {
			isa = PBXGroup;
			children = (
				CE593252294B8C8F00BE3357 /* jmecodepay */,
				CE593251294B8C8F00BE3357 /* Products */,
				B337F974F1E3276114E63224 /* Pods */,
				EF9B16D3324FD17526AB693E /* Frameworks */,
			);
			sourceTree = "<group>";
		};
		CE593251294B8C8F00BE3357 /* Products */ = {
			isa = PBXGroup;
			children = (
				CE593250294B8C8F00BE3357 /* jmecodepay.app */,
			);
			name = Products;
			sourceTree = "<group>";
		};
		CE593252294B8C8F00BE3357 /* jmecodepay */ = {
			isa = PBXGroup;
			children = (
				CE593276294B995700BE3357 /* API */,
				CE593275294B994A00BE3357 /* Managers */,
				CE593268294B8FBE00BE3357 /* Model */,
				CE593267294B8FB400BE3357 /* Scenes */,
				CE593253294B8C8F00BE3357 /* AppDelegate.swift */,
				CE593255294B8C8F00BE3357 /* SceneDelegate.swift */,
				CE59325C294B8C9000BE3357 /* Assets.xcassets */,
				CE59325E294B8C9000BE3357 /* LaunchScreen.storyboard */,
				CE593261294B8C9000BE3357 /* Info.plist */,
			);
			path = jmecodepay;
			sourceTree = "<group>";
		};
		CE593267294B8FB400BE3357 /* Scenes */ = {
			isa = PBXGroup;
			children = (
				CEFD54E3295229A300AD8AB4 /* TransactionDetails */,
				CE498C73294F5F0500F58C81 /* TransactionCell */,
				CE59328A294BB1B900BE3357 /* AllTransactions */,
				CE593281294BA23500BE3357 /* SendMoney */,
				CE593280294BA22900BE3357 /* AddMoney */,
				CE59327B294B9D9A00BE3357 /* Home */,
				CE59326B294B8FE200BE3357 /* Register */,
				CE59326A294B8FDC00BE3357 /* Login */,
				CE593269294B8FCC00BE3357 /* Authentication */,
			);
			path = Scenes;
			sourceTree = "<group>";
		};
		CE593268294B8FBE00BE3357 /* Model */ = {
			isa = PBXGroup;
			children = (
				CE498C65294E01D300F58C81 /* Currency.swift */,
				CE498C71294F24EA00F58C81 /* UserData.swift */,
			);
			path = Model;
			sourceTree = "<group>";
		};
		CE593269294B8FCC00BE3357 /* Authentication */ = {
			isa = PBXGroup;
			children = (
				CE59326C294B8FFD00BE3357 /* AuthenticationView.xib */,
				CE59326F294B95DC00BE3357 /* AuthenticationViewController.swift */,
			);
			path = Authentication;
			sourceTree = "<group>";
		};
		CE59326A294B8FDC00BE3357 /* Login */ = {
			isa = PBXGroup;
			children = (
				CE593271294B971A00BE3357 /* LoginViewController.swift */,
				CE593273294B974100BE3357 /* LoginView.xib */,
				CE498C61294DFF1900F58C81 /* LoginValidation.swift */,
				CEFD54DF2952146E00AD8AB4 /* LoginErrors.swift */,
			);
			path = Login;
			sourceTree = "<group>";
		};
		CE59326B294B8FE200BE3357 /* Register */ = {
			isa = PBXGroup;
			children = (
				CE593277294B997E00BE3357 /* RegisterViewController.swift */,
				CE593279294B99B500BE3357 /* RegisterView.xib */,
				CE498C63294E013D00F58C81 /* RegistrationValidation.swift */,
				CE498C67294E0C7D00F58C81 /* RegistrationError.swift */,
			);
			path = Register;
			sourceTree = "<group>";
		};
		CE593275294B994A00BE3357 /* Managers */ = {
			isa = PBXGroup;
			children = (
				CE498C6F294F1CD100F58C81 /* UserManager.swift */,
			);
			path = Managers;
			sourceTree = "<group>";
		};
		CE593276294B995700BE3357 /* API */ = {
			isa = PBXGroup;
			children = (
				CE593294294BB4D500BE3357 /* Request */,
				CE593295294BB4DC00BE3357 /* Response */,
				CE498C69294E13D200F58C81 /* User.swift */,
				CE593296294BB4F300BE3357 /* APIErrors.swift */,
				CE593298294BB50400BE3357 /* APIEndpoints.swift */,
				CE59329A294BB52400BE3357 /* APIManager.swift */,
			);
			path = API;
			sourceTree = "<group>";
		};
		CE59327B294B9D9A00BE3357 /* Home */ = {
			isa = PBXGroup;
			children = (
				CE59327C294B9DFA00BE3357 /* HomeViewController.swift */,
				CE59327E294B9E1E00BE3357 /* HomeView.xib */,
			);
			path = Home;
			sourceTree = "<group>";
		};
		CE593280294BA22900BE3357 /* AddMoney */ = {
			isa = PBXGroup;
			children = (
				CE593282294BA24C00BE3357 /* AddMoneyViewController.swift */,
				CE593284294BA27000BE3357 /* AddMoneyView.xib */,
			);
			path = AddMoney;
			sourceTree = "<group>";
		};
		CE593281294BA23500BE3357 /* SendMoney */ = {
			isa = PBXGroup;
			children = (
				CE498C7A294F687200F58C81 /* SendMoneyErrors.swift */,
				CE593286294BA6B800BE3357 /* SendMoneyViewController.swift */,
				CE593288294BA6DB00BE3357 /* SendMoneyView.xib */,
				CE498C78294F65A300F58C81 /* InputData.swift */,
			);
			path = SendMoney;
			sourceTree = "<group>";
		};
		CE59328A294BB1B900BE3357 /* AllTransactions */ = {
			isa = PBXGroup;
			children = (
				CE59328B294BB1D100BE3357 /* AllTransactionsViewController.swift */,
				CE59328D294BB1F600BE3357 /* AllTransactionsView.xib */,
			);
			path = AllTransactions;
			sourceTree = "<group>";
		};
		CE593294294BB4D500BE3357 /* Request */ = {
			isa = PBXGroup;
			children = (
				CE498C6B294E1E5D00F58C81 /* AccountRequest.swift */,
				CE498C6D294E1E9000F58C81 /* TransactionRequest.swift */,
			);
			path = Request;
			sourceTree = "<group>";
		};
		CE593295294BB4DC00BE3357 /* Response */ = {
			isa = PBXGroup;
			children = (
				CE498C7C294F6DEC00F58C81 /* AccountResponse.swift */,
			);
			path = Response;
			sourceTree = "<group>";
		};
		CEFD54E3295229A300AD8AB4 /* TransactionDetails */ = {
			isa = PBXGroup;
			children = (
				CEFD54E12952299B00AD8AB4 /* TransactionDetailsViewController.swift */,
				CEFD54E4295229BD00AD8AB4 /* TransactionDetailsView.xib */,
			);
			path = TransactionDetails;
			sourceTree = "<group>";
		};
		EF9B16D3324FD17526AB693E /* Frameworks */ = {
			isa = PBXGroup;
			children = (
				A87109A2ECC3B947893188C9 /* Pods_jmecodepay.framework */,
			);
			name = Frameworks;
			sourceTree = "<group>";
		};
/* End PBXGroup section */

/* Begin PBXNativeTarget section */
		CE59324F294B8C8F00BE3357 /* jmecodepay */ = {
			isa = PBXNativeTarget;
			buildConfigurationList = CE593264294B8C9000BE3357 /* Build configuration list for PBXNativeTarget "jmecodepay" */;
			buildPhases = (
				E6609C949506952574A92CB4 /* [CP] Check Pods Manifest.lock */,
				CE59324C294B8C8F00BE3357 /* Sources */,
				CE59324D294B8C8F00BE3357 /* Frameworks */,
				CE59324E294B8C8F00BE3357 /* Resources */,
				A3F9C0F6FED9D5CAE8037A3A /* [CP] Embed Pods Frameworks */,
			);
			buildRules = (
			);
			dependencies = (
			);
			name = jmecodepay;
			productName = jmecodepay;
			productReference = CE593250294B8C8F00BE3357 /* jmecodepay.app */;
			productType = "com.apple.product-type.application";
		};
/* End PBXNativeTarget section */

/* Begin PBXProject section */
		CE593248294B8C8F00BE3357 /* Project object */ = {
			isa = PBXProject;
			attributes = {
				BuildIndependentTargetsInParallel = 1;
				LastSwiftUpdateCheck = 1420;
				LastUpgradeCheck = 1420;
				TargetAttributes = {
					CE59324F294B8C8F00BE3357 = {
						CreatedOnToolsVersion = 14.2;
					};
				};
			};
			buildConfigurationList = CE59324B294B8C8F00BE3357 /* Build configuration list for PBXProject "jmecodepay" */;
			compatibilityVersion = "Xcode 14.0";
			developmentRegion = en;
			hasScannedForEncodings = 0;
			knownRegions = (
				en,
				Base,
			);
			mainGroup = CE593247294B8C8F00BE3357;
			productRefGroup = CE593251294B8C8F00BE3357 /* Products */;
			projectDirPath = "";
			projectRoot = "";
			targets = (
				CE59324F294B8C8F00BE3357 /* jmecodepay */,
			);
		};
/* End PBXProject section */

/* Begin PBXResourcesBuildPhase section */
		CE59324E294B8C8F00BE3357 /* Resources */ = {
			isa = PBXResourcesBuildPhase;
			buildActionMask = 2147483647;
			files = (
				CE498C77294F5F2C00F58C81 /* RecentTransactionCell.xib in Resources */,
				CE59326D294B8FFD00BE3357 /* AuthenticationView.xib in Resources */,
				CE59327A294B99B500BE3357 /* RegisterView.xib in Resources */,
				CE593260294B8C9000BE3357 /* LaunchScreen.storyboard in Resources */,
				CE593274294B974100BE3357 /* LoginView.xib in Resources */,
				CE59325D294B8C9000BE3357 /* Assets.xcassets in Resources */,
				CEFD54E5295229BD00AD8AB4 /* TransactionDetailsView.xib in Resources */,
				CE593285294BA27000BE3357 /* AddMoneyView.xib in Resources */,
				CE59328E294BB1F600BE3357 /* AllTransactionsView.xib in Resources */,
				CE59327F294B9E1E00BE3357 /* HomeView.xib in Resources */,
				CE593289294BA6DB00BE3357 /* SendMoneyView.xib in Resources */,
			);
			runOnlyForDeploymentPostprocessing = 0;
		};
/* End PBXResourcesBuildPhase section */

/* Begin PBXShellScriptBuildPhase section */
		A3F9C0F6FED9D5CAE8037A3A /* [CP] Embed Pods Frameworks */ = {
			isa = PBXShellScriptBuildPhase;
			buildActionMask = 2147483647;
			files = (
			);
			inputFileListPaths = (
				"${PODS_ROOT}/Target Support Files/Pods-jmecodepay/Pods-jmecodepay-frameworks-${CONFIGURATION}-input-files.xcfilelist",
			);
			name = "[CP] Embed Pods Frameworks";
			outputFileListPaths = (
				"${PODS_ROOT}/Target Support Files/Pods-jmecodepay/Pods-jmecodepay-frameworks-${CONFIGURATION}-output-files.xcfilelist",
			);
			runOnlyForDeploymentPostprocessing = 0;
			shellPath = /bin/sh;
			shellScript = "\"${PODS_ROOT}/Target Support Files/Pods-jmecodepay/Pods-jmecodepay-frameworks.sh\"\n";
			showEnvVarsInLog = 0;
		};
		E6609C949506952574A92CB4 /* [CP] Check Pods Manifest.lock */ = {
			isa = PBXShellScriptBuildPhase;
			buildActionMask = 2147483647;
			files = (
			);
			inputFileListPaths = (
			);
			inputPaths = (
				"${PODS_PODFILE_DIR_PATH}/Podfile.lock",
				"${PODS_ROOT}/Manifest.lock",
			);
			name = "[CP] Check Pods Manifest.lock";
			outputFileListPaths = (
			);
			outputPaths = (
				"$(DERIVED_FILE_DIR)/Pods-jmecodepay-checkManifestLockResult.txt",
			);
			runOnlyForDeploymentPostprocessing = 0;
			shellPath = /bin/sh;
			shellScript = "diff \"${PODS_PODFILE_DIR_PATH}/Podfile.lock\" \"${PODS_ROOT}/Manifest.lock\" > /dev/null\nif [ $? != 0 ] ; then\n    # print error to STDERR\n    echo \"error: The sandbox is not in sync with the Podfile.lock. Run 'pod install' or update your CocoaPods installation.\" >&2\n    exit 1\nfi\n# This output is used by Xcode 'outputs' to avoid re-running this script phase.\necho \"SUCCESS\" > \"${SCRIPT_OUTPUT_FILE_0}\"\n";
			showEnvVarsInLog = 0;
		};
/* End PBXShellScriptBuildPhase section */

/* Begin PBXSourcesBuildPhase section */
		CE59324C294B8C8F00BE3357 /* Sources */ = {
			isa = PBXSourcesBuildPhase;
			buildActionMask = 2147483647;
			files = (
				CE593287294BA6B800BE3357 /* SendMoneyViewController.swift in Sources */,
				CE593270294B95DC00BE3357 /* AuthenticationViewController.swift in Sources */,
				CE593254294B8C8F00BE3357 /* AppDelegate.swift in Sources */,
				CE498C66294E01D300F58C81 /* Currency.swift in Sources */,
				CE593297294BB4F300BE3357 /* APIErrors.swift in Sources */,
				CE498C68294E0C7D00F58C81 /* RegistrationError.swift in Sources */,
				CE59329B294BB52400BE3357 /* APIManager.swift in Sources */,
				CE498C79294F65A300F58C81 /* InputData.swift in Sources */,
				CE498C62294DFF1900F58C81 /* LoginValidation.swift in Sources */,
				CE498C70294F1CD100F58C81 /* UserManager.swift in Sources */,
				CE498C75294F5F1D00F58C81 /* TransactionCell.swift in Sources */,
				CE498C64294E013D00F58C81 /* RegistrationValidation.swift in Sources */,
				CEFD54E02952146E00AD8AB4 /* LoginErrors.swift in Sources */,
				CE498C7D294F6DEC00F58C81 /* AccountResponse.swift in Sources */,
				CE593278294B997E00BE3357 /* RegisterViewController.swift in Sources */,
				CE59328C294BB1D100BE3357 /* AllTransactionsViewController.swift in Sources */,
				CE593299294BB50400BE3357 /* APIEndpoints.swift in Sources */,
				CE593272294B971A00BE3357 /* LoginViewController.swift in Sources */,
				CE498C72294F24EA00F58C81 /* UserData.swift in Sources */,
				CEFD54E22952299B00AD8AB4 /* TransactionDetailsViewController.swift in Sources */,
				CE498C6E294E1E9000F58C81 /* TransactionRequest.swift in Sources */,
				CE498C6A294E13D200F58C81 /* User.swift in Sources */,
				CE59327D294B9DFA00BE3357 /* HomeViewController.swift in Sources */,
				CE593256294B8C8F00BE3357 /* SceneDelegate.swift in Sources */,
				CE498C6C294E1E5D00F58C81 /* AccountRequest.swift in Sources */,
				CE593283294BA24C00BE3357 /* AddMoneyViewController.swift in Sources */,
				CE498C7B294F687200F58C81 /* SendMoneyErrors.swift in Sources */,
			);
			runOnlyForDeploymentPostprocessing = 0;
		};
/* End PBXSourcesBuildPhase section */

/* Begin PBXVariantGroup section */
		CE59325E294B8C9000BE3357 /* LaunchScreen.storyboard */ = {
			isa = PBXVariantGroup;
			children = (
				CE59325F294B8C9000BE3357 /* Base */,
			);
			name = LaunchScreen.storyboard;
			sourceTree = "<group>";
		};
/* End PBXVariantGroup section */

/* Begin XCBuildConfiguration section */
		CE593262294B8C9000BE3357 /* Debug */ = {
			isa = XCBuildConfiguration;
			buildSettings = {
				ALWAYS_SEARCH_USER_PATHS = NO;
				CLANG_ANALYZER_NONNULL = YES;
				CLANG_ANALYZER_NUMBER_OBJECT_CONVERSION = YES_AGGRESSIVE;
				CLANG_CXX_LANGUAGE_STANDARD = "gnu++20";
				CLANG_ENABLE_MODULES = YES;
				CLANG_ENABLE_OBJC_ARC = YES;
				CLANG_ENABLE_OBJC_WEAK = YES;
				CLANG_WARN_BLOCK_CAPTURE_AUTORELEASING = YES;
				CLANG_WARN_BOOL_CONVERSION = YES;
				CLANG_WARN_COMMA = YES;
				CLANG_WARN_CONSTANT_CONVERSION = YES;
				CLANG_WARN_DEPRECATED_OBJC_IMPLEMENTATIONS = YES;
				CLANG_WARN_DIRECT_OBJC_ISA_USAGE = YES_ERROR;
				CLANG_WARN_DOCUMENTATION_COMMENTS = YES;
				CLANG_WARN_EMPTY_BODY = YES;
				CLANG_WARN_ENUM_CONVERSION = YES;
				CLANG_WARN_INFINITE_RECURSION = YES;
				CLANG_WARN_INT_CONVERSION = YES;
				CLANG_WARN_NON_LITERAL_NULL_CONVERSION = YES;
				CLANG_WARN_OBJC_IMPLICIT_RETAIN_SELF = YES;
				CLANG_WARN_OBJC_LITERAL_CONVERSION = YES;
				CLANG_WARN_OBJC_ROOT_CLASS = YES_ERROR;
				CLANG_WARN_QUOTED_INCLUDE_IN_FRAMEWORK_HEADER = YES;
				CLANG_WARN_RANGE_LOOP_ANALYSIS = YES;
				CLANG_WARN_STRICT_PROTOTYPES = YES;
				CLANG_WARN_SUSPICIOUS_MOVE = YES;
				CLANG_WARN_UNGUARDED_AVAILABILITY = YES_AGGRESSIVE;
				CLANG_WARN_UNREACHABLE_CODE = YES;
				CLANG_WARN__DUPLICATE_METHOD_MATCH = YES;
				COPY_PHASE_STRIP = NO;
				DEBUG_INFORMATION_FORMAT = dwarf;
				ENABLE_STRICT_OBJC_MSGSEND = YES;
				ENABLE_TESTABILITY = YES;
				GCC_C_LANGUAGE_STANDARD = gnu11;
				GCC_DYNAMIC_NO_PIC = NO;
				GCC_NO_COMMON_BLOCKS = YES;
				GCC_OPTIMIZATION_LEVEL = 0;
				GCC_PREPROCESSOR_DEFINITIONS = (
					"DEBUG=1",
					"$(inherited)",
				);
				GCC_WARN_64_TO_32_BIT_CONVERSION = YES;
				GCC_WARN_ABOUT_RETURN_TYPE = YES_ERROR;
				GCC_WARN_UNDECLARED_SELECTOR = YES;
				GCC_WARN_UNINITIALIZED_AUTOS = YES_AGGRESSIVE;
				GCC_WARN_UNUSED_FUNCTION = YES;
				GCC_WARN_UNUSED_VARIABLE = YES;
				IPHONEOS_DEPLOYMENT_TARGET = 16.2;
				MTL_ENABLE_DEBUG_INFO = INCLUDE_SOURCE;
				MTL_FAST_MATH = YES;
				ONLY_ACTIVE_ARCH = YES;
				SDKROOT = iphoneos;
				SWIFT_ACTIVE_COMPILATION_CONDITIONS = DEBUG;
				SWIFT_OPTIMIZATION_LEVEL = "-Onone";
			};
			name = Debug;
		};
		CE593263294B8C9000BE3357 /* Release */ = {
			isa = XCBuildConfiguration;
			buildSettings = {
				ALWAYS_SEARCH_USER_PATHS = NO;
				CLANG_ANALYZER_NONNULL = YES;
				CLANG_ANALYZER_NUMBER_OBJECT_CONVERSION = YES_AGGRESSIVE;
				CLANG_CXX_LANGUAGE_STANDARD = "gnu++20";
				CLANG_ENABLE_MODULES = YES;
				CLANG_ENABLE_OBJC_ARC = YES;
				CLANG_ENABLE_OBJC_WEAK = YES;
				CLANG_WARN_BLOCK_CAPTURE_AUTORELEASING = YES;
				CLANG_WARN_BOOL_CONVERSION = YES;
				CLANG_WARN_COMMA = YES;
				CLANG_WARN_CONSTANT_CONVERSION = YES;
				CLANG_WARN_DEPRECATED_OBJC_IMPLEMENTATIONS = YES;
				CLANG_WARN_DIRECT_OBJC_ISA_USAGE = YES_ERROR;
				CLANG_WARN_DOCUMENTATION_COMMENTS = YES;
				CLANG_WARN_EMPTY_BODY = YES;
				CLANG_WARN_ENUM_CONVERSION = YES;
				CLANG_WARN_INFINITE_RECURSION = YES;
				CLANG_WARN_INT_CONVERSION = YES;
				CLANG_WARN_NON_LITERAL_NULL_CONVERSION = YES;
				CLANG_WARN_OBJC_IMPLICIT_RETAIN_SELF = YES;
				CLANG_WARN_OBJC_LITERAL_CONVERSION = YES;
				CLANG_WARN_OBJC_ROOT_CLASS = YES_ERROR;
				CLANG_WARN_QUOTED_INCLUDE_IN_FRAMEWORK_HEADER = YES;
				CLANG_WARN_RANGE_LOOP_ANALYSIS = YES;
				CLANG_WARN_STRICT_PROTOTYPES = YES;
				CLANG_WARN_SUSPICIOUS_MOVE = YES;
				CLANG_WARN_UNGUARDED_AVAILABILITY = YES_AGGRESSIVE;
				CLANG_WARN_UNREACHABLE_CODE = YES;
				CLANG_WARN__DUPLICATE_METHOD_MATCH = YES;
				COPY_PHASE_STRIP = NO;
				DEBUG_INFORMATION_FORMAT = "dwarf-with-dsym";
				ENABLE_NS_ASSERTIONS = NO;
				ENABLE_STRICT_OBJC_MSGSEND = YES;
				GCC_C_LANGUAGE_STANDARD = gnu11;
				GCC_NO_COMMON_BLOCKS = YES;
				GCC_WARN_64_TO_32_BIT_CONVERSION = YES;
				GCC_WARN_ABOUT_RETURN_TYPE = YES_ERROR;
				GCC_WARN_UNDECLARED_SELECTOR = YES;
				GCC_WARN_UNINITIALIZED_AUTOS = YES_AGGRESSIVE;
				GCC_WARN_UNUSED_FUNCTION = YES;
				GCC_WARN_UNUSED_VARIABLE = YES;
				IPHONEOS_DEPLOYMENT_TARGET = 16.2;
				MTL_ENABLE_DEBUG_INFO = NO;
				MTL_FAST_MATH = YES;
				SDKROOT = iphoneos;
				SWIFT_COMPILATION_MODE = wholemodule;
				SWIFT_OPTIMIZATION_LEVEL = "-O";
				VALIDATE_PRODUCT = YES;
			};
			name = Release;
		};
		CE593265294B8C9000BE3357 /* Debug */ = {
			isa = XCBuildConfiguration;
			baseConfigurationReference = 377A930486E91BDFDDB27CFB /* Pods-jmecodepay.debug.xcconfig */;
			buildSettings = {
				ASSETCATALOG_COMPILER_APPICON_NAME = AppIcon;
				ASSETCATALOG_COMPILER_GLOBAL_ACCENT_COLOR_NAME = AccentColor;
				CODE_SIGN_STYLE = Automatic;
				CURRENT_PROJECT_VERSION = 1;
				DEVELOPMENT_TEAM = 4543GKL842;
				GENERATE_INFOPLIST_FILE = YES;
				INFOPLIST_FILE = jmecodepay/Info.plist;
				INFOPLIST_KEY_UIApplicationSupportsIndirectInputEvents = YES;
				INFOPLIST_KEY_UILaunchStoryboardName = LaunchScreen;
				INFOPLIST_KEY_UIStatusBarStyle = "";
				INFOPLIST_KEY_UISupportedInterfaceOrientations = UIInterfaceOrientationPortrait;
				LD_RUNPATH_SEARCH_PATHS = (
					"$(inherited)",
					"@executable_path/Frameworks",
				);
				MARKETING_VERSION = 1.0;
				PRODUCT_BUNDLE_IDENTIFIER = jme.jmecodepay;
				PRODUCT_NAME = "$(TARGET_NAME)";
				SWIFT_EMIT_LOC_STRINGS = YES;
				SWIFT_VERSION = 5.0;
				TARGETED_DEVICE_FAMILY = "1,2";
			};
			name = Debug;
		};
		CE593266294B8C9000BE3357 /* Release */ = {
			isa = XCBuildConfiguration;
			baseConfigurationReference = 9926F438BBBF7CCE71BA5BC1 /* Pods-jmecodepay.release.xcconfig */;
			buildSettings = {
				ASSETCATALOG_COMPILER_APPICON_NAME = AppIcon;
				ASSETCATALOG_COMPILER_GLOBAL_ACCENT_COLOR_NAME = AccentColor;
				CODE_SIGN_STYLE = Automatic;
				CURRENT_PROJECT_VERSION = 1;
				DEVELOPMENT_TEAM = 4543GKL842;
				GENERATE_INFOPLIST_FILE = YES;
				INFOPLIST_FILE = jmecodepay/Info.plist;
				INFOPLIST_KEY_UIApplicationSupportsIndirectInputEvents = YES;
				INFOPLIST_KEY_UILaunchStoryboardName = LaunchScreen;
				INFOPLIST_KEY_UIStatusBarStyle = "";
				INFOPLIST_KEY_UISupportedInterfaceOrientations = UIInterfaceOrientationPortrait;
				LD_RUNPATH_SEARCH_PATHS = (
					"$(inherited)",
					"@executable_path/Frameworks",
				);
				MARKETING_VERSION = 1.0;
				PRODUCT_BUNDLE_IDENTIFIER = jme.jmecodepay;
				PRODUCT_NAME = "$(TARGET_NAME)";
				SWIFT_EMIT_LOC_STRINGS = YES;
				SWIFT_VERSION = 5.0;
				TARGETED_DEVICE_FAMILY = "1,2";
			};
			name = Release;
		};
/* End XCBuildConfiguration section */

/* Begin XCConfigurationList section */
		CE59324B294B8C8F00BE3357 /* Build configuration list for PBXProject "jmecodepay" */ = {
			isa = XCConfigurationList;
			buildConfigurations = (
				CE593262294B8C9000BE3357 /* Debug */,
				CE593263294B8C9000BE3357 /* Release */,
			);
			defaultConfigurationIsVisible = 0;
			defaultConfigurationName = Release;
		};
		CE593264294B8C9000BE3357 /* Build configuration list for PBXNativeTarget "jmecodepay" */ = {
			isa = XCConfigurationList;
			buildConfigurations = (
				CE593265294B8C9000BE3357 /* Debug */,
				CE593266294B8C9000BE3357 /* Release */,
			);
			defaultConfigurationIsVisible = 0;
			defaultConfigurationName = Release;
		};
/* End XCConfigurationList section */
	};
	rootObject = CE593248294B8C8F00BE3357 /* Project object */;
}
